
Microsoft Visual Studio Solution File, Format Version 12.00
# Visual Studio Version 16
VisualStudioVersion = 16.0.30907.101
MinimumVisualStudioVersion = 10.0.40219.1
Project("{9A19103F-16F7-4668-BE54-9A1E7A4F7556}") = "Cubo.Api", "Cubo.Api\Cubo.Api.csproj", "{C4110F2F-46F7-469B-B5FA-D0C7EBF688BE}"
EndProject
Project("{9A19103F-16F7-4668-BE54-9A1E7A4F7556}") = "Cubo.Core", "Cubo.Core\Cubo.Core.csproj", "{6E57D6FB-CA67-4CD9-AE08-0FD4DEE998B7}"
EndProject
Project("{9A19103F-16F7-4668-BE54-9A1E7A4F7556}") = "Cubo.Test", "Cubo.Test\Cubo.Test.csproj", "{89A4394F-AA43-44DD-B36E-E8A551EA7621}"
EndProject
Global
	GlobalSection(SolutionConfigurationPlatforms) = preSolution
		Debug|Any CPU = Debug|Any CPU
		Release|Any CPU = Release|Any CPU
	EndGlobalSection
	GlobalSection(ProjectConfigurationPlatforms) = postSolution
		{C4110F2F-46F7-469B-B5FA-D0C7EBF688BE}.Debug|Any CPU.ActiveCfg = Debug|Any CPU
		{C4110F2F-46F7-469B-B5FA-D0C7EBF688BE}.Debug|Any CPU.Build.0 = Debug|Any CPU
		{C4110F2F-46F7-469B-B5FA-D0C7EBF688BE}.Release|Any CPU.ActiveCfg = Release|Any CPU
		{C4110F2F-46F7-469B-B5FA-D0C7EBF688BE}.Release|Any CPU.Build.0 = Release|Any CPU
		{6E57D6FB-CA67-4CD9-AE08-0FD4DEE998B7}.Debug|Any CPU.ActiveCfg = Debug|Any CPU
		{6E57D6FB-CA67-4CD9-AE08-0FD4DEE998B7}.Debug|Any CPU.Build.0 = Debug|Any CPU
		{6E57D6FB-CA67-4CD9-AE08-0FD4DEE998B7}.Release|Any CPU.ActiveCfg = Release|Any CPU
		{6E57D6FB-CA67-4CD9-AE08-0FD4DEE998B7}.Release|Any CPU.Build.0 = Release|Any CPU
		{89A4394F-AA43-44DD-B36E-E8A551EA7621}.Debug|Any CPU.ActiveCfg = Debug|Any CPU
		{89A4394F-AA43-44DD-B36E-E8A551EA7621}.Debug|Any CPU.Build.0 = Debug|Any CPU
		{89A4394F-AA43-44DD-B36E-E8A551EA7621}.Release|Any CPU.ActiveCfg = Release|Any CPU
		{89A4394F-AA43-44DD-B36E-E8A551EA7621}.Release|Any CPU.Build.0 = Release|Any CPU
	EndGlobalSection
	GlobalSection(SolutionProperties) = preSolution
		HideSolutionNode = FALSE
	EndGlobalSection
	GlobalSection(ExtensibilityGlobals) = postSolution
		SolutionGuid = {A66E18F8-6C63-407F-BA9C-9DAF854A28B4}
	EndGlobalSection
EndGlobal
